
Microsoft Visual Studio Solution File, Format Version 12.00
# Visual Studio Version 17
VisualStudioVersion = 17.1.32421.90
MinimumVisualStudioVersion = 10.0.40219.1
Project("{FAE04EC0-301F-11D3-BF4B-00C04F79EFBC}") = "PrimalFury", "PrimalFury\PrimalFury.csproj", "{E3C24516-3C52-4A33-89F4-A6D49BCA7F08}"
EndProject
Project("{FAE04EC0-301F-11D3-BF4B-00C04F79EFBC}") = "UnitTests", "UnitTests\UnitTests.csproj", "{ACEF88A1-F80E-4EA2-A002-983EFE4E3215}"
	ProjectSection(ProjectDependencies) = postProject
		{E3C24516-3C52-4A33-89F4-A6D49BCA7F08} = {E3C24516-3C52-4A33-89F4-A6D49BCA7F08}
	EndProjectSection
EndProject
Global
	GlobalSection(SolutionConfigurationPlatforms) = preSolution
		Debug|Any CPU = Debug|Any CPU
		Debug|x64 = Debug|x64
		Release|Any CPU = Release|Any CPU
		Release|x64 = Release|x64
	EndGlobalSection
	GlobalSection(ProjectConfigurationPlatforms) = postSolution
		{E3C24516-3C52-4A33-89F4-A6D49BCA7F08}.Debug|Any CPU.ActiveCfg = Debug|Any CPU
		{E3C24516-3C52-4A33-89F4-A6D49BCA7F08}.Debug|Any CPU.Build.0 = Debug|Any CPU
		{E3C24516-3C52-4A33-89F4-A6D49BCA7F08}.Debug|x64.ActiveCfg = Debug|x64
		{E3C24516-3C52-4A33-89F4-A6D49BCA7F08}.Debug|x64.Build.0 = Debug|x64
		{E3C24516-3C52-4A33-89F4-A6D49BCA7F08}.Release|Any CPU.ActiveCfg = Release|Any CPU
		{E3C24516-3C52-4A33-89F4-A6D49BCA7F08}.Release|Any CPU.Build.0 = Release|Any CPU
		{E3C24516-3C52-4A33-89F4-A6D49BCA7F08}.Release|x64.ActiveCfg = Release|x64
		{E3C24516-3C52-4A33-89F4-A6D49BCA7F08}.Release|x64.Build.0 = Release|x64
		{ACEF88A1-F80E-4EA2-A002-983EFE4E3215}.Debug|Any CPU.ActiveCfg = Debug|Any CPU
		{ACEF88A1-F80E-4EA2-A002-983EFE4E3215}.Debug|Any CPU.Build.0 = Debug|Any CPU
		{ACEF88A1-F80E-4EA2-A002-983EFE4E3215}.Debug|x64.ActiveCfg = Debug|Any CPU
		{ACEF88A1-F80E-4EA2-A002-983EFE4E3215}.Debug|x64.Build.0 = Debug|Any CPU
		{ACEF88A1-F80E-4EA2-A002-983EFE4E3215}.Release|Any CPU.ActiveCfg = Release|Any CPU
		{ACEF88A1-F80E-4EA2-A002-983EFE4E3215}.Release|Any CPU.Build.0 = Release|Any CPU
		{ACEF88A1-F80E-4EA2-A002-983EFE4E3215}.Release|x64.ActiveCfg = Release|Any CPU
		{ACEF88A1-F80E-4EA2-A002-983EFE4E3215}.Release|x64.Build.0 = Release|Any CPU
	EndGlobalSection
	GlobalSection(SolutionProperties) = preSolution
		HideSolutionNode = FALSE
	EndGlobalSection
	GlobalSection(ExtensibilityGlobals) = postSolution
		SolutionGuid = {5E52A922-C50C-4A04-81F0-B0FAE8770579}
	EndGlobalSection
EndGlobal
